// !$*UTF8*$!
{
	archiveVersion = 1;
	classes = {
	};
	objectVersion = 46;
	objects = {

/* Begin PBXBuildFile section */
		AB88CC921E21296A00A75925 /* main.m in Sources */ = {isa = PBXBuildFile; fileRef = AB88CC911E21296A00A75925 /* main.m */; };
		AB88CC951E21296A00A75925 /* AppDelegate.m in Sources */ = {isa = PBXBuildFile; fileRef = AB88CC941E21296A00A75925 /* AppDelegate.m */; };
		AB88CC981E21296A00A75925 /* ViewController.m in Sources */ = {isa = PBXBuildFile; fileRef = AB88CC971E21296A00A75925 /* ViewController.m */; };
		AB88CC9B1E21296A00A75925 /* Main.storyboard in Resources */ = {isa = PBXBuildFile; fileRef = AB88CC991E21296A00A75925 /* Main.storyboard */; };
		AB88CC9E1E21296A00A75925 /* DoitXcode.xcdatamodeld in Sources */ = {isa = PBXBuildFile; fileRef = AB88CC9C1E21296A00A75925 /* DoitXcode.xcdatamodeld */; };
		AB88CCA01E21296A00A75925 /* Assets.xcassets in Resources */ = {isa = PBXBuildFile; fileRef = AB88CC9F1E21296A00A75925 /* Assets.xcassets */; };
		AB88CCA31E21296A00A75925 /* LaunchScreen.storyboard in Resources */ = {isa = PBXBuildFile; fileRef = AB88CCA11E21296A00A75925 /* LaunchScreen.storyboard */; };
		AB88CCAE1E21296A00A75925 /* DoitXcodeTests.m in Sources */ = {isa = PBXBuildFile; fileRef = AB88CCAD1E21296A00A75925 /* DoitXcodeTests.m */; };
		AB88CCB91E21296A00A75925 /* DoitXcodeUITests.m in Sources */ = {isa = PBXBuildFile; fileRef = AB88CCB81E21296A00A75925 /* DoitXcodeUITests.m */; };
		AB88CCC91E21298600A75925 /* DoitHeader in Resources */ = {isa = PBXBuildFile; fileRef = AB88CCC81E21298600A75925 /* DoitHeader */; };
/* End PBXBuildFile section */

/* Begin PBXContainerItemProxy section */
		AB88CCAA1E21296A00A75925 /* PBXContainerItemProxy */ = {
			isa = PBXContainerItemProxy;
			containerPortal = AB88CC851E21296A00A75925 /* Project object */;
			proxyType = 1;
			remoteGlobalIDString = AB88CC8C1E21296A00A75925;
			remoteInfo = DoitXcode;
		};
		AB88CCB51E21296A00A75925 /* PBXContainerItemProxy */ = {
			isa = PBXContainerItemProxy;
			containerPortal = AB88CC851E21296A00A75925 /* Project object */;
			proxyType = 1;
			remoteGlobalIDString = AB88CC8C1E21296A00A75925;
			remoteInfo = DoitXcode;
		};
/* End PBXContainerItemProxy section */

/* Begin PBXFileReference section */
		AB88CC8D1E21296A00A75925 /* DoitXcode.app */ = {isa = PBXFileReference; explicitFileType = wrapper.application; includeInIndex = 0; path = DoitXcode.app; sourceTree = BUILT_PRODUCTS_DIR; };
		AB88CC911E21296A00A75925 /* main.m */ = {isa = PBXFileReference; lastKnownFileType = sourcecode.c.objc; path = main.m; sourceTree = "<group>"; };
		AB88CC931E21296A00A75925 /* AppDelegate.h */ = {isa = PBXFileReference; lastKnownFileType = sourcecode.c.h; path = AppDelegate.h; sourceTree = "<group>"; };
		AB88CC941E21296A00A75925 /* AppDelegate.m */ = {isa = PBXFileReference; lastKnownFileType = sourcecode.c.objc; path = AppDelegate.m; sourceTree = "<group>"; };
		AB88CC961E21296A00A75925 /* ViewController.h */ = {isa = PBXFileReference; lastKnownFileType = sourcecode.c.h; path = ViewController.h; sourceTree = "<group>"; };
		AB88CC971E21296A00A75925 /* ViewController.m */ = {isa = PBXFileReference; lastKnownFileType = sourcecode.c.objc; path = ViewController.m; sourceTree = "<group>"; };
		AB88CC9A1E21296A00A75925 /* Base */ = {isa = PBXFileReference; lastKnownFileType = file.storyboard; name = Base; path = Base.lproj/Main.storyboard; sourceTree = "<group>"; };
		AB88CC9D1E21296A00A75925 /* DoitXcode.xcdatamodel */ = {isa = PBXFileReference; lastKnownFileType = wrapper.xcdatamodel; path = DoitXcode.xcdatamodel; sourceTree = "<group>"; };
		AB88CC9F1E21296A00A75925 /* Assets.xcassets */ = {isa = PBXFileReference; lastKnownFileType = folder.assetcatalog; path = Assets.xcassets; sourceTree = "<group>"; };
		AB88CCA21E21296A00A75925 /* Base */ = {isa = PBXFileReference; lastKnownFileType = file.storyboard; name = Base; path = Base.lproj/LaunchScreen.storyboard; sourceTree = "<group>"; };
		AB88CCA41E21296A00A75925 /* Info.plist */ = {isa = PBXFileReference; lastKnownFileType = text.plist.xml; path = Info.plist; sourceTree = "<group>"; };
		AB88CCA91E21296A00A75925 /* DoitXcodeTests.xctest */ = {isa = PBXFileReference; explicitFileType = wrapper.cfbundle; includeInIndex = 0; path = DoitXcodeTests.xctest; sourceTree = BUILT_PRODUCTS_DIR; };
		AB88CCAD1E21296A00A75925 /* DoitXcodeTests.m */ = {isa = PBXFileReference; lastKnownFileType = sourcecode.c.objc; path = DoitXcodeTests.m; sourceTree = "<group>"; };
		AB88CCAF1E21296A00A75925 /* Info.plist */ = {isa = PBXFileReference; lastKnownFileType = text.plist.xml; path = Info.plist; sourceTree = "<group>"; };
		AB88CCB41E21296A00A75925 /* DoitXcodeUITests.xctest */ = {isa = PBXFileReference; explicitFileType = wrapper.cfbundle; includeInIndex = 0; path = DoitXcodeUITests.xctest; sourceTree = BUILT_PRODUCTS_DIR; };
		AB88CCB81E21296A00A75925 /* DoitXcodeUITests.m */ = {isa = PBXFileReference; lastKnownFileType = sourcecode.c.objc; path = DoitXcodeUITests.m; sourceTree = "<group>"; };
		AB88CCBA1E21296A00A75925 /* Info.plist */ = {isa = PBXFileReference; lastKnownFileType = text.plist.xml; path = Info.plist; sourceTree = "<group>"; };
		AB88CCC81E21298600A75925 /* DoitHeader */ = {isa = PBXFileReference; lastKnownFileType = folder; path = DoitHeader; sourceTree = "<group>"; };
		AB88CCCB1E212A6B00A75925 /* DILeftMenuViewController.h */ = {isa = PBXFileReference; fileEncoding = 4; lastKnownFileType = sourcecode.c.h; name = DILeftMenuViewController.h; path = DoitXcode/DILeftMenuViewController.h; sourceTree = "<group>"; };
		AB88CCCC1E212A6B00A75925 /* DILeftMenuViewControllerDelegate-Protocol.h */ = {isa = PBXFileReference; fileEncoding = 4; lastKnownFileType = sourcecode.c.h; name = "DILeftMenuViewControllerDelegate-Protocol.h"; path = "DoitXcode/DILeftMenuViewControllerDelegate-Protocol.h"; sourceTree = "<group>"; };
		AB88CCCD1E212A6B00A75925 /* DIRootViewController.h */ = {isa = PBXFileReference; fileEncoding = 4; lastKnownFileType = sourcecode.c.h; name = DIRootViewController.h; path = DoitXcode/DIRootViewController.h; sourceTree = "<group>"; };
/* End PBXFileReference section */

/* Begin PBXFrameworksBuildPhase section */
		AB88CC8A1E21296A00A75925 /* Frameworks */ = {
			isa = PBXFrameworksBuildPhase;
			buildActionMask = 2147483647;
			files = (
			);
			runOnlyForDeploymentPostprocessing = 0;
		};
		AB88CCA61E21296A00A75925 /* Frameworks */ = {
			isa = PBXFrameworksBuildPhase;
			buildActionMask = 2147483647;
			files = (
			);
			runOnlyForDeploymentPostprocessing = 0;
		};
		AB88CCB11E21296A00A75925 /* Frameworks */ = {
			isa = PBXFrameworksBuildPhase;
			buildActionMask = 2147483647;
			files = (
			);
			runOnlyForDeploymentPostprocessing = 0;
		};
/* End PBXFrameworksBuildPhase section */

/* Begin PBXGroup section */
		AB88CC841E21296A00A75925 = {
			isa = PBXGroup;
			children = (
				AB88CCCA1E2129F700A75925 /* New Group */,
				AB88CCC81E21298600A75925 /* DoitHeader */,
				AB88CC8F1E21296A00A75925 /* DoitXcode */,
				AB88CCAC1E21296A00A75925 /* DoitXcodeTests */,
				AB88CCB71E21296A00A75925 /* DoitXcodeUITests */,
				AB88CC8E1E21296A00A75925 /* Products */,
			);
			sourceTree = "<group>";
		};
		AB88CC8E1E21296A00A75925 /* Products */ = {
			isa = PBXGroup;
			children = (
				AB88CC8D1E21296A00A75925 /* DoitXcode.app */,
				AB88CCA91E21296A00A75925 /* DoitXcodeTests.xctest */,
				AB88CCB41E21296A00A75925 /* DoitXcodeUITests.xctest */,
			);
			name = Products;
			sourceTree = "<group>";
		};
		AB88CC8F1E21296A00A75925 /* DoitXcode */ = {
			isa = PBXGroup;
			children = (
				AB88CC931E21296A00A75925 /* AppDelegate.h */,
				AB88CC941E21296A00A75925 /* AppDelegate.m */,
				AB88CC961E21296A00A75925 /* ViewController.h */,
				AB88CC971E21296A00A75925 /* ViewController.m */,
				AB88CC991E21296A00A75925 /* Main.storyboard */,
				AB88CC9F1E21296A00A75925 /* Assets.xcassets */,
				AB88CCA11E21296A00A75925 /* LaunchScreen.storyboard */,
				AB88CCA41E21296A00A75925 /* Info.plist */,
				AB88CC9C1E21296A00A75925 /* DoitXcode.xcdatamodeld */,
				AB88CC901E21296A00A75925 /* Supporting Files */,
			);
			path = DoitXcode;
			sourceTree = "<group>";
		};
		AB88CC901E21296A00A75925 /* Supporting Files */ = {
			isa = PBXGroup;
			children = (
				AB88CC911E21296A00A75925 /* main.m */,
			);
			name = "Supporting Files";
			sourceTree = "<group>";
		};
		AB88CCAC1E21296A00A75925 /* DoitXcodeTests */ = {
			isa = PBXGroup;
			children = (
				AB88CCAD1E21296A00A75925 /* DoitXcodeTests.m */,
				AB88CCAF1E21296A00A75925 /* Info.plist */,
			);
			path = DoitXcodeTests;
			sourceTree = "<group>";
		};
		AB88CCB71E21296A00A75925 /* DoitXcodeUITests */ = {
			isa = PBXGroup;
			children = (
				AB88CCB81E21296A00A75925 /* DoitXcodeUITests.m */,
				AB88CCBA1E21296A00A75925 /* Info.plist */,
			);
			path = DoitXcodeUITests;
			sourceTree = "<group>";
		};
		AB88CCCA1E2129F700A75925 /* New Group */ = {
			isa = PBXGroup;
			children = (
				AB88CCCB1E212A6B00A75925 /* DILeftMenuViewController.h */,
				AB88CCCC1E212A6B00A75925 /* DILeftMenuViewControllerDelegate-Protocol.h */,
				AB88CCCD1E212A6B00A75925 /* DIRootViewController.h */,
			);
			name = "New Group";
			sourceTree = "<group>";
		};
/* End PBXGroup section */

/* Begin PBXNativeTarget section */
		AB88CC8C1E21296A00A75925 /* DoitXcode */ = {
			isa = PBXNativeTarget;
			buildConfigurationList = AB88CCBD1E21296A00A75925 /* Build configuration list for PBXNativeTarget "DoitXcode" */;
			buildPhases = (
				AB88CC891E21296A00A75925 /* Sources */,
				AB88CC8A1E21296A00A75925 /* Frameworks */,
				AB88CC8B1E21296A00A75925 /* Resources */,
			);
			buildRules = (
			);
			dependencies = (
			);
			name = DoitXcode;
			productName = DoitXcode;
			productReference = AB88CC8D1E21296A00A75925 /* DoitXcode.app */;
			productType = "com.apple.product-type.application";
		};
		AB88CCA81E21296A00A75925 /* DoitXcodeTests */ = {
			isa = PBXNativeTarget;
			buildConfigurationList = AB88CCC01E21296A00A75925 /* Build configuration list for PBXNativeTarget "DoitXcodeTests" */;
			buildPhases = (
				AB88CCA51E21296A00A75925 /* Sources */,
				AB88CCA61E21296A00A75925 /* Frameworks */,
				AB88CCA71E21296A00A75925 /* Resources */,
			);
			buildRules = (
			);
			dependencies = (
				AB88CCAB1E21296A00A75925 /* PBXTargetDependency */,
			);
			name = DoitXcodeTests;
			productName = DoitXcodeTests;
			productReference = AB88CCA91E21296A00A75925 /* DoitXcodeTests.xctest */;
			productType = "com.apple.product-type.bundle.unit-test";
		};
		AB88CCB31E21296A00A75925 /* DoitXcodeUITests */ = {
			isa = PBXNativeTarget;
			buildConfigurationList = AB88CCC31E21296A00A75925 /* Build configuration list for PBXNativeTarget "DoitXcodeUITests" */;
			buildPhases = (
				AB88CCB01E21296A00A75925 /* Sources */,
				AB88CCB11E21296A00A75925 /* Frameworks */,
				AB88CCB21E21296A00A75925 /* Resources */,
			);
			buildRules = (
			);
			dependencies = (
				AB88CCB61E21296A00A75925 /* PBXTargetDependency */,
			);
			name = DoitXcodeUITests;
			productName = DoitXcodeUITests;
			productReference = AB88CCB41E21296A00A75925 /* DoitXcodeUITests.xctest */;
			productType = "com.apple.product-type.bundle.ui-testing";
		};
/* End PBXNativeTarget section */

/* Begin PBXProject section */
		AB88CC851E21296A00A75925 /* Project object */ = {
			isa = PBXProject;
			attributes = {
				LastUpgradeCheck = 0820;
				ORGANIZATIONNAME = qyear;
				TargetAttributes = {
					AB88CC8C1E21296A00A75925 = {
						CreatedOnToolsVersion = 8.2;
						ProvisioningStyle = Automatic;
					};
					AB88CCA81E21296A00A75925 = {
						CreatedOnToolsVersion = 8.2;
						ProvisioningStyle = Automatic;
						TestTargetID = AB88CC8C1E21296A00A75925;
					};
					AB88CCB31E21296A00A75925 = {
						CreatedOnToolsVersion = 8.2;
						ProvisioningStyle = Automatic;
						TestTargetID = AB88CC8C1E21296A00A75925;
					};
				};
			};
			buildConfigurationList = AB88CC881E21296A00A75925 /* Build configuration list for PBXProject "DoitXcode" */;
			compatibilityVersion = "Xcode 3.2";
			developmentRegion = English;
			hasScannedForEncodings = 0;
			knownRegions = (
				en,
				Base,
			);
			mainGroup = AB88CC841E21296A00A75925;
			productRefGroup = AB88CC8E1E21296A00A75925 /* Products */;
			projectDirPath = "";
			projectRoot = "";
			targets = (
				AB88CC8C1E21296A00A75925 /* DoitXcode */,
				AB88CCA81E21296A00A75925 /* DoitXcodeTests */,
				AB88CCB31E21296A00A75925 /* DoitXcodeUITests */,
			);
		};
/* End PBXProject section */

/* Begin PBXResourcesBuildPhase section */
		AB88CC8B1E21296A00A75925 /* Resources */ = {
			isa = PBXResourcesBuildPhase;
			buildActionMask = 2147483647;
			files = (
				AB88CCA31E21296A00A75925 /* LaunchScreen.storyboard in Resources */,
				AB88CCA01E21296A00A75925 /* Assets.xcassets in Resources */,
				AB88CC9B1E21296A00A75925 /* Main.storyboard in Resources */,
				AB88CCC91E21298600A75925 /* DoitHeader in Resources */,
			);
			runOnlyForDeploymentPostprocessing = 0;
		};
		AB88CCA71E21296A00A75925 /* Resources */ = {
			isa = PBXResourcesBuildPhase;
			buildActionMask = 2147483647;
			files = (
			);
			runOnlyForDeploymentPostprocessing = 0;
		};
		AB88CCB21E21296A00A75925 /* Resources */ = {
			isa = PBXResourcesBuildPhase;
			buildActionMask = 2147483647;
			files = (
			);
			runOnlyForDeploymentPostprocessing = 0;
		};
/* End PBXResourcesBuildPhase section */

/* Begin PBXSourcesBuildPhase section */
		AB88CC891E21296A00A75925 /* Sources */ = {
			isa = PBXSourcesBuildPhase;
			buildActionMask = 2147483647;
			files = (
				AB88CC981E21296A00A75925 /* ViewController.m in Sources */,
				AB88CC9E1E21296A00A75925 /* DoitXcode.xcdatamodeld in Sources */,
				AB88CC951E21296A00A75925 /* AppDelegate.m in Sources */,
				AB88CC921E21296A00A75925 /* main.m in Sources */,
			);
			runOnlyForDeploymentPostprocessing = 0;
		};
		AB88CCA51E21296A00A75925 /* Sources */ = {
			isa = PBXSourcesBuildPhase;
			buildActionMask = 2147483647;
			files = (
				AB88CCAE1E21296A00A75925 /* DoitXcodeTests.m in Sources */,
			);
			runOnlyForDeploymentPostprocessing = 0;
		};
		AB88CCB01E21296A00A75925 /* Sources */ = {
			isa = PBXSourcesBuildPhase;
			buildActionMask = 2147483647;
			files = (
				AB88CCB91E21296A00A75925 /* DoitXcodeUITests.m in Sources */,
			);
			runOnlyForDeploymentPostprocessing = 0;
		};
/* End PBXSourcesBuildPhase section */

/* Begin PBXTargetDependency section */
		AB88CCAB1E21296A00A75925 /* PBXTargetDependency */ = {
			isa = PBXTargetDependency;
			target = AB88CC8C1E21296A00A75925 /* DoitXcode */;
			targetProxy = AB88CCAA1E21296A00A75925 /* PBXContainerItemProxy */;
		};
		AB88CCB61E21296A00A75925 /* PBXTargetDependency */ = {
			isa = PBXTargetDependency;
			target = AB88CC8C1E21296A00A75925 /* DoitXcode */;
			targetProxy = AB88CCB51E21296A00A75925 /* PBXContainerItemProxy */;
		};
/* End PBXTargetDependency section */

/* Begin PBXVariantGroup section */
		AB88CC991E21296A00A75925 /* Main.storyboard */ = {
			isa = PBXVariantGroup;
			children = (
				AB88CC9A1E21296A00A75925 /* Base */,
			);
			name = Main.storyboard;
			sourceTree = "<group>";
		};
		AB88CCA11E21296A00A75925 /* LaunchScreen.storyboard */ = {
			isa = PBXVariantGroup;
			children = (
				AB88CCA21E21296A00A75925 /* Base */,
			);
			name = LaunchScreen.storyboard;
			sourceTree = "<group>";
		};
/* End PBXVariantGroup section */

/* Begin XCBuildConfiguration section */
		AB88CCBB1E21296A00A75925 /* Debug */ = {
			isa = XCBuildConfiguration;
			buildSettings = {
				ALWAYS_SEARCH_USER_PATHS = NO;
				CLANG_ANALYZER_NONNULL = YES;
				CLANG_CXX_LANGUAGE_STANDARD = "gnu++0x";
				CLANG_CXX_LIBRARY = "libc++";
				CLANG_ENABLE_MODULES = YES;
				CLANG_ENABLE_OBJC_ARC = YES;
				CLANG_WARN_BOOL_CONVERSION = YES;
				CLANG_WARN_CONSTANT_CONVERSION = YES;
				CLANG_WARN_DIRECT_OBJC_ISA_USAGE = YES_ERROR;
				CLANG_WARN_DOCUMENTATION_COMMENTS = YES;
				CLANG_WARN_EMPTY_BODY = YES;
				CLANG_WARN_ENUM_CONVERSION = YES;
				CLANG_WARN_INFINITE_RECURSION = YES;
				CLANG_WARN_INT_CONVERSION = YES;
				CLANG_WARN_OBJC_ROOT_CLASS = YES_ERROR;
				CLANG_WARN_SUSPICIOUS_MOVE = YES;
				CLANG_WARN_UNREACHABLE_CODE = YES;
				CLANG_WARN__DUPLICATE_METHOD_MATCH = YES;
				"CODE_SIGN_IDENTITY[sdk=iphoneos*]" = "iPhone Developer";
				COPY_PHASE_STRIP = NO;
				DEBUG_INFORMATION_FORMAT = dwarf;
				ENABLE_STRICT_OBJC_MSGSEND = YES;
				ENABLE_TESTABILITY = YES;
				GCC_C_LANGUAGE_STANDARD = gnu99;
				GCC_DYNAMIC_NO_PIC = NO;
				GCC_NO_COMMON_BLOCKS = YES;
				GCC_OPTIMIZATION_LEVEL = 0;
				GCC_PREPROCESSOR_DEFINITIONS = (
					"DEBUG=1",
					"$(inherited)",
				);
				GCC_WARN_64_TO_32_BIT_CONVERSION = YES;
				GCC_WARN_ABOUT_RETURN_TYPE = YES_ERROR;
				GCC_WARN_UNDECLARED_SELECTOR = YES;
				GCC_WARN_UNINITIALIZED_AUTOS = YES_AGGRESSIVE;
				GCC_WARN_UNUSED_FUNCTION = YES;
				GCC_WARN_UNUSED_VARIABLE = YES;
				IPHONEOS_DEPLOYMENT_TARGET = 10.2;
				MTL_ENABLE_DEBUG_INFO = YES;
				ONLY_ACTIVE_ARCH = YES;
				SDKROOT = iphoneos;
			};
			name = Debug;
		};
		AB88CCBC1E21296A00A75925 /* Release */ = {
			isa = XCBuildConfiguration;
			buildSettings = {
				ALWAYS_SEARCH_USER_PATHS = NO;
				CLANG_ANALYZER_NONNULL = YES;
				CLANG_CXX_LANGUAGE_STANDARD = "gnu++0x";
				CLANG_CXX_LIBRARY = "libc++";
				CLANG_ENABLE_MODULES = YES;
				CLANG_ENABLE_OBJC_ARC = YES;
				CLANG_WARN_BOOL_CONVERSION = YES;
				CLANG_WARN_CONSTANT_CONVERSION = YES;
				CLANG_WARN_DIRECT_OBJC_ISA_USAGE = YES_ERROR;
				CLANG_WARN_DOCUMENTATION_COMMENTS = YES;
				CLANG_WARN_EMPTY_BODY = YES;
				CLANG_WARN_ENUM_CONVERSION = YES;
				CLANG_WARN_INFINITE_RECURSION = YES;
				CLANG_WARN_INT_CONVERSION = YES;
				CLANG_WARN_OBJC_ROOT_CLASS = YES_ERROR;
				CLANG_WARN_SUSPICIOUS_MOVE = YES;
				CLANG_WARN_UNREACHABLE_CODE = YES;
				CLANG_WARN__DUPLICATE_METHOD_MATCH = YES;
				"CODE_SIGN_IDENTITY[sdk=iphoneos*]" = "iPhone Developer";
				COPY_PHASE_STRIP = NO;
				DEBUG_INFORMATION_FORMAT = "dwarf-with-dsym";
				ENABLE_NS_ASSERTIONS = NO;
				ENABLE_STRICT_OBJC_MSGSEND = YES;
				GCC_C_LANGUAGE_STANDARD = gnu99;
				GCC_NO_COMMON_BLOCKS = YES;
				GCC_WARN_64_TO_32_BIT_CONVERSION = YES;
				GCC_WARN_ABOUT_RETURN_TYPE = YES_ERROR;
				GCC_WARN_UNDECLARED_SELECTOR = YES;
				GCC_WARN_UNINITIALIZED_AUTOS = YES_AGGRESSIVE;
				GCC_WARN_UNUSED_FUNCTION = YES;
				GCC_WARN_UNUSED_VARIABLE = YES;
				IPHONEOS_DEPLOYMENT_TARGET = 10.2;
				MTL_ENABLE_DEBUG_INFO = NO;
				SDKROOT = iphoneos;
				VALIDATE_PRODUCT = YES;
			};
			name = Release;
		};
		AB88CCBE1E21296A00A75925 /* Debug */ = {
			isa = XCBuildConfiguration;
			buildSettings = {
				ASSETCATALOG_COMPILER_APPICON_NAME = AppIcon;
				INFOPLIST_FILE = DoitXcode/Info.plist;
				LD_RUNPATH_SEARCH_PATHS = "$(inherited) @executable_path/Frameworks";
				PRODUCT_BUNDLE_IDENTIFIER = com.DoitXcode;
				PRODUCT_NAME = "$(TARGET_NAME)";
			};
			name = Debug;
		};
		AB88CCBF1E21296A00A75925 /* Release */ = {
			isa = XCBuildConfiguration;
			buildSettings = {
				ASSETCATALOG_COMPILER_APPICON_NAME = AppIcon;
				INFOPLIST_FILE = DoitXcode/Info.plist;
				LD_RUNPATH_SEARCH_PATHS = "$(inherited) @executable_path/Frameworks";
				PRODUCT_BUNDLE_IDENTIFIER = com.DoitXcode;
				PRODUCT_NAME = "$(TARGET_NAME)";
			};
			name = Release;
		};
		AB88CCC11E21296A00A75925 /* Debug */ = {
			isa = XCBuildConfiguration;
			buildSettings = {
				BUNDLE_LOADER = "$(TEST_HOST)";
				INFOPLIST_FILE = DoitXcodeTests/Info.plist;
				LD_RUNPATH_SEARCH_PATHS = "$(inherited) @executable_path/Frameworks @loader_path/Frameworks";
				PRODUCT_BUNDLE_IDENTIFIER = com.DoitXcodeTests;
				PRODUCT_NAME = "$(TARGET_NAME)";
				TEST_HOST = "$(BUILT_PRODUCTS_DIR)/DoitXcode.app/DoitXcode";
			};
			name = Debug;
		};
		AB88CCC21E21296A00A75925 /* Release */ = {
			isa = XCBuildConfiguration;
			buildSettings = {
				BUNDLE_LOADER = "$(TEST_HOST)";
				INFOPLIST_FILE = DoitXcodeTests/Info.plist;
				LD_RUNPATH_SEARCH_PATHS = "$(inherited) @executable_path/Frameworks @loader_path/Frameworks";
				PRODUCT_BUNDLE_IDENTIFIER = com.DoitXcodeTests;
				PRODUCT_NAME = "$(TARGET_NAME)";
				TEST_HOST = "$(BUILT_PRODUCTS_DIR)/DoitXcode.app/DoitXcode";
			};
			name = Release;
		};
		AB88CCC41E21296A00A75925 /* Debug */ = {
			isa = XCBuildConfiguration;
			buildSettings = {
				INFOPLIST_FILE = DoitXcodeUITests/Info.plist;
				LD_RUNPATH_SEARCH_PATHS = "$(inherited) @executable_path/Frameworks @loader_path/Frameworks";
				PRODUCT_BUNDLE_IDENTIFIER = com.DoitXcodeUITests;
				PRODUCT_NAME = "$(TARGET_NAME)";
				TEST_TARGET_NAME = DoitXcode;
			};
			name = Debug;
		};
		AB88CCC51E21296A00A75925 /* Release */ = {
			isa = XCBuildConfiguration;
			buildSettings = {
				INFOPLIST_FILE = DoitXcodeUITests/Info.plist;
				LD_RUNPATH_SEARCH_PATHS = "$(inherited) @executable_path/Frameworks @loader_path/Frameworks";
				PRODUCT_BUNDLE_IDENTIFIER = com.DoitXcodeUITests;
				PRODUCT_NAME = "$(TARGET_NAME)";
				TEST_TARGET_NAME = DoitXcode;
			};
			name = Release;
		};
/* End XCBuildConfiguration section */

/* Begin XCConfigurationList section */
		AB88CC881E21296A00A75925 /* Build configuration list for PBXProject "DoitXcode" */ = {
			isa = XCConfigurationList;
			buildConfigurations = (
				AB88CCBB1E21296A00A75925 /* Debug */,
				AB88CCBC1E21296A00A75925 /* Release */,
			);
			defaultConfigurationIsVisible = 0;
			defaultConfigurationName = Release;
		};
		AB88CCBD1E21296A00A75925 /* Build configuration list for PBXNativeTarget "DoitXcode" */ = {
			isa = XCConfigurationList;
			buildConfigurations = (
				AB88CCBE1E21296A00A75925 /* Debug */,
				AB88CCBF1E21296A00A75925 /* Release */,
			);
			defaultConfigurationIsVisible = 0;
		};
		AB88CCC01E21296A00A75925 /* Build configuration list for PBXNativeTarget "DoitXcodeTests" */ = {
			isa = XCConfigurationList;
			buildConfigurations = (
				AB88CCC11E21296A00A75925 /* Debug */,
				AB88CCC21E21296A00A75925 /* Release */,
			);
			defaultConfigurationIsVisible = 0;
		};
		AB88CCC31E21296A00A75925 /* Build configuration list for PBXNativeTarget "DoitXcodeUITests" */ = {
			isa = XCConfigurationList;
			buildConfigurations = (
				AB88CCC41E21296A00A75925 /* Debug */,
				AB88CCC51E21296A00A75925 /* Release */,
			);
			defaultConfigurationIsVisible = 0;
		};
/* End XCConfigurationList section */

/* Begin XCVersionGroup section */
		AB88CC9C1E21296A00A75925 /* DoitXcode.xcdatamodeld */ = {
			isa = XCVersionGroup;
			children = (
				AB88CC9D1E21296A00A75925 /* DoitXcode.xcdatamodel */,
			);
			currentVersion = AB88CC9D1E21296A00A75925 /* DoitXcode.xcdatamodel */;
			path = DoitXcode.xcdatamodeld;
			sourceTree = "<group>";
			versionGroupType = wrapper.xcdatamodel;
		};
/* End XCVersionGroup section */
	};
	rootObject = AB88CC851E21296A00A75925 /* Project object */;
}
